
Microsoft Visual Studio Solution File, Format Version 12.00
# Visual Studio Version 17
VisualStudioVersion = 17.7.34221.43
MinimumVisualStudioVersion = 10.0.40219.1
Project("{FAE04EC0-301F-11D3-BF4B-00C04F79EFBC}") = "MoviesWebAPI", "MoviesWebAPI\MoviesWebAPI.csproj", "{1D0296B4-05E0-4976-86D6-9E0B89E0FFEB}"
EndProject
Global
	GlobalSection(SolutionConfigurationPlatforms) = preSolution
		Debug|Any CPU = Debug|Any CPU
		Release|Any CPU = Release|Any CPU
	EndGlobalSection
	GlobalSection(ProjectConfigurationPlatforms) = postSolution
		{1D0296B4-05E0-4976-86D6-9E0B89E0FFEB}.Debug|Any CPU.ActiveCfg = Debug|Any CPU
		{1D0296B4-05E0-4976-86D6-9E0B89E0FFEB}.Debug|Any CPU.Build.0 = Debug|Any CPU
		{1D0296B4-05E0-4976-86D6-9E0B89E0FFEB}.Release|Any CPU.ActiveCfg = Release|Any CPU
		{1D0296B4-05E0-4976-86D6-9E0B89E0FFEB}.Release|Any CPU.Build.0 = Release|Any CPU
	EndGlobalSection
	GlobalSection(SolutionProperties) = preSolution
		HideSolutionNode = FALSE
	EndGlobalSection
	GlobalSection(ExtensibilityGlobals) = postSolution
		SolutionGuid = {67C36425-360B-4214-A21C-83A332BC4308}
	EndGlobalSection
EndGlobal
